{
  "nodes": {
    "flake-compat": {
      "flake": false,
      "locked": {
        "lastModified": 1673956053,
        "narHash": "sha256-4gtG9iQuiKITOjNQQeQIpoIB6b16fm+504Ch3sNKLd8=",
        "owner": "edolstra",
        "repo": "flake-compat",
        "rev": "35bb57c0c8d8b62bbfd284272c928ceb64ddbde9",
        "type": "github"
      },
      "original": {
        "owner": "edolstra",
        "repo": "flake-compat",
        "type": "github"
      }
    },
    "flake-utils": {
      "locked": {
        "lastModified": 1676283394,
        "narHash": "sha256-XX2f9c3iySLCw54rJ/CZs+ZK6IQy7GXNY4nSOyu2QG4=",
        "owner": "numtide",
        "repo": "flake-utils",
        "rev": "3db36a8b464d0c4532ba1c7dda728f4576d6d073",
        "type": "github"
      },
      "original": {
        "owner": "numtide",
        "repo": "flake-utils",
        "type": "github"
      }
    },
    "home-manager": {
      "inputs": {
        "nixpkgs": [
          "nixpkgs"
        ],
        "utils": "utils"
      },
      "locked": {
        "lastModified": 1679067101,
        "narHash": "sha256-tMI1inGT9u4KWQml0w30dhWqQPlth1e9K/68sfDkEQA=",
        "owner": "nix-community",
        "repo": "home-manager",
        "rev": "9154cd519a8942728038819682d6b3ff33f321bb",
        "type": "github"
      },
      "original": {
        "owner": "nix-community",
        "ref": "release-22.11",
        "repo": "home-manager",
        "type": "github"
      }
    },
    "nix-alien": {
      "inputs": {
        "flake-compat": "flake-compat",
        "flake-utils": "flake-utils",
        "nix-index-database": "nix-index-database",
        "nixpkgs": "nixpkgs"
      },
      "locked": {
        "lastModified": 1679007364,
        "narHash": "sha256-q7QLU2tIfAr8NTk6bBPAA3oG8UktHvimYbcO+NUCcbE=",
        "owner": "thiagokokada",
        "repo": "nix-alien",
        "rev": "eea485724b4c7cab98076dd30b081196eb25abdb",
        "type": "github"
      },
      "original": {
        "owner": "thiagokokada",
        "repo": "nix-alien",
        "type": "github"
      }
    },
    "nix-index-database": {
      "inputs": {
        "nixpkgs": [
          "nix-alien",
          "nixpkgs"
        ]
      },
      "locked": {
        "lastModified": 1678780868,
        "narHash": "sha256-r6EfMQCAGX5JE6lW4YgZdH7bOSi1pul1TCbAJ7bVfSw=",
        "owner": "Mic92",
        "repo": "nix-index-database",
        "rev": "b61432cc89bb6d16aa30cf546e8dca3d4fea006b",
        "type": "github"
      },
      "original": {
        "owner": "Mic92",
        "repo": "nix-index-database",
        "type": "github"
      }
    },
    "nixpkgs": {
      "locked": {
        "lastModified": 1678724065,
        "narHash": "sha256-MjeRjunqfGTBGU401nxIjs7PC9PZZ1FBCZp/bRB3C2M=",
        "owner": "NixOS",
        "repo": "nixpkgs",
        "rev": "b8afc8489dc96f29f69bec50fdc51e27883f89c1",
        "type": "github"
      },
      "original": {
        "owner": "NixOS",
        "ref": "nixpkgs-unstable",
        "repo": "nixpkgs",
        "type": "github"
      }
    },
    "nixpkgs-unstable": {
      "locked": {
        "lastModified": 1679081381,
        "narHash": "sha256-n4+SbrVohxbgbmOTkodfxc3d8W38OfKowD6YNA8j27o=",
        "owner": "NixOS",
        "repo": "nixpkgs",
        "rev": "b573a7f69484a7d213680abb70b4f95bdc28eee5",
        "type": "github"
      },
      "original": {
        "id": "nixpkgs",
        "ref": "nixos-unstable",
        "type": "indirect"
      }
    },
    "nixpkgs_2": {
      "locked": {
        "lastModified": 1679139072,
        "narHash": "sha256-Gtw2Yj8DfETie3u7iHv1y5Wt+plGRmp6nTQ0EEfaPho=",
        "owner": "NixOS",
        "repo": "nixpkgs",
        "rev": "08ef7dc8334521605a5c8b7086cc248e74ee338b",
        "type": "github"
      },
      "original": {
        "id": "nixpkgs",
        "ref": "nixos-22.11",
        "type": "indirect"
      }
    },
    "root": {
      "inputs": {
        "home-manager": "home-manager",
        "nix-alien": "nix-alien",
        "nixpkgs": "nixpkgs_2",
        "nixpkgs-unstable": "nixpkgs-unstable"
      }
    },
    "utils": {
      "locked": {
        "lastModified": 1667395993,
        "narHash": "sha256-nuEHfE/LcWyuSWnS8t12N1wc105Qtau+/OdUAjtQ0rA=",
        "owner": "numtide",
        "repo": "flake-utils",
        "rev": "5aed5285a952e0b949eb3ba02c12fa4fcfef535f",
        "type": "github"
      },
      "original": {
        "owner": "numtide",
        "repo": "flake-utils",
        "type": "github"
      }
    }
  },
  "root": "root",
  "version": 7
}
